
Microsoft Visual Studio Solution File, Format Version 12.00
Project("{FAE04EC0-301F-11D3-BF4B-00C04F79EFBC}") = "RV2-Esegn-Additions", "RV2-Esegn-Additions.csproj", "{62BDD074-A38E-4E4F-BD9F-AE4C10A33FF5}"
EndProject
Global
	GlobalSection(SolutionConfigurationPlatforms) = preSolution
		1.5|Any CPU = 1.5|Any CPU
		1.4|Any CPU = 1.4|Any CPU
	EndGlobalSection
	GlobalSection(ProjectConfigurationPlatforms) = postSolution
		{62BDD074-A38E-4E4F-BD9F-AE4C10A33FF5}.1.5|Any CPU.ActiveCfg = 1.5|Any CPU
		{62BDD074-A38E-4E4F-BD9F-AE4C10A33FF5}.1.5|Any CPU.Build.0 = 1.5|Any CPU
		{62BDD074-A38E-4E4F-BD9F-AE4C10A33FF5}.1.4|Any CPU.ActiveCfg = 1.4|Any CPU
		{62BDD074-A38E-4E4F-BD9F-AE4C10A33FF5}.1.4|Any CPU.Build.0 = 1.4|Any CPU
	EndGlobalSection
EndGlobal
